
Microsoft Visual Studio Solution File, Format Version 12.00
# Visual Studio Version 17
VisualStudioVersion = 17.10.34916.146
MinimumVisualStudioVersion = 10.0.40219.1
Project("{9A19103F-16F7-4668-BE54-9A1E7A4F7556}") = "Finzo", "Finzo.csproj", "{8DB1E7F9-29FF-451A-A9A5-B26FAC2EE752}"
EndProject
Global
	GlobalSection(SolutionConfigurationPlatforms) = preSolution
		Debug|Any CPU = Debug|Any CPU
		Release|Any CPU = Release|Any CPU
	EndGlobalSection
	GlobalSection(ProjectConfigurationPlatforms) = postSolution
		{8DB1E7F9-29FF-451A-A9A5-B26FAC2EE752}.Debug|Any CPU.ActiveCfg = Debug|Any CPU
		{8DB1E7F9-29FF-451A-A9A5-B26FAC2EE752}.Debug|Any CPU.Build.0 = Debug|Any CPU
		{8DB1E7F9-29FF-451A-A9A5-B26FAC2EE752}.Release|Any CPU.ActiveCfg = Release|Any CPU
		{8DB1E7F9-29FF-451A-A9A5-B26FAC2EE752}.Release|Any CPU.Build.0 = Release|Any CPU
	EndGlobalSection
	GlobalSection(SolutionProperties) = preSolution
		HideSolutionNode = FALSE
	EndGlobalSection
	GlobalSection(ExtensibilityGlobals) = postSolution
		SolutionGuid = {7CDD4252-1ACA-49AB-8816-29FF44344B50}
	EndGlobalSection
EndGlobal
